
Microsoft Visual Studio Solution File, Format Version 12.00
# Visual Studio 2013
VisualStudioVersion = 12.0.30723.0
MinimumVisualStudioVersion = 10.0.40219.1
Project("{2150E333-8FDC-42A3-9474-1A3956D46DE8}") = "Authentication", "Authentication", "{C3447280-1A35-4BD4-9DD4-D94DD43EF069}"
EndProject
Project("{2150E333-8FDC-42A3-9474-1A3956D46DE8}") = "Testing", "Testing", "{BD851633-150D-41C3-A7D5-9EBC39A8A03D}"
EndProject
Project("{2150E333-8FDC-42A3-9474-1A3956D46DE8}") = "05_Views", "05_Views", "{E249D899-3F5B-416A-B404-B4565DF6BBC8}"
EndProject
Project("{2150E333-8FDC-42A3-9474-1A3956D46DE8}") = "04_Hooks", "04_Hooks", "{E5DE2811-430F-4C87-82CE-B6F85FE988AD}"
EndProject
Project("{2150E333-8FDC-42A3-9474-1A3956D46DE8}") = "03_Bootstrapper", "03_Bootstrapper", "{A7AF311D-DEE8-452E-9564-054D1945D1A6}"
EndProject
Project("{2150E333-8FDC-42A3-9474-1A3956D46DE8}") = "02_Routing", "02_Routing", "{9550E49B-F04F-4577-859F-F19A612D8F25}"
EndProject
Project("{FAE04EC0-301F-11D3-BF4B-00C04F79EFBC}") = "Stateless", "Stateless\Stateless.csproj", "{0EA43F89-0536-4691-B108-7392E49D2C48}"
EndProject
Project("{FAE04EC0-301F-11D3-BF4B-00C04F79EFBC}") = "Forms", "Forms\Forms.csproj", "{41FCA5FA-2F99-4CD8-BA26-FEF73F6694A6}"
EndProject
Project("{FAE04EC0-301F-11D3-BF4B-00C04F79EFBC}") = "Basic", "Basic\Basic.csproj", "{C87D2BED-6DCD-4DE2-BEDA-80F747635997}"
EndProject
Project("{2150E333-8FDC-42A3-9474-1A3956D46DE8}") = "01_Intro", "01_Intro", "{9A3CDB86-2244-4F4E-979B-45ECDE7B7063}"
EndProject
Project("{FAE04EC0-301F-11D3-BF4B-00C04F79EFBC}") = "End", "End\End.csproj", "{D2BA6D95-45F9-495E-944B-E8F02B938D6F}"
EndProject
Project("{2150E333-8FDC-42A3-9474-1A3956D46DE8}") = "Extra", "Extra", "{B5001C06-A604-4F1B-B9A2-5FAF7F10D0B6}"
EndProject
Project("{2150E333-8FDC-42A3-9474-1A3956D46DE8}") = "StaticContentGotchas", "StaticContentGotchas", "{EE4F8FD3-58C6-4459-ADCD-F9ECA8CAFB2D}"
EndProject
Project("{2150E333-8FDC-42A3-9474-1A3956D46DE8}") = "Localization", "Localization", "{7E6A9C5A-71B8-4517-929E-994053952B5B}"
EndProject
Project("{2150E333-8FDC-42A3-9474-1A3956D46DE8}") = "CustomErrorPages", "CustomErrorPages", "{F312C9A2-857B-4597-9AB0-71943E06EA9C}"
EndProject
Project("{2150E333-8FDC-42A3-9474-1A3956D46DE8}") = "Cryptography", "Cryptography", "{FFFDE6DA-05C8-40A4-BF43-C5EA57E3CFDF}"
EndProject
Project("{2150E333-8FDC-42A3-9474-1A3956D46DE8}") = "Elmah", "Elmah", "{7DE99E34-2EE7-452C-9869-2A1134DCE501}"
EndProject
Project("{2150E333-8FDC-42A3-9474-1A3956D46DE8}") = "Caching", "Caching", "{23BED289-E6D7-4B70-A1A3-A4F940BD9EE6}"
EndProject
Project("{2150E333-8FDC-42A3-9474-1A3956D46DE8}") = "FSharp", "FSharp", "{A9172862-27C3-409A-9BC9-800F4D04C40A}"
EndProject
Project("{F2A71F9B-5D33-465A-A702-920D77279786}") = "FSharp", "FSharp\FSharp.fsproj", "{9FA7F9E7-8C3D-40F3-BCD2-7A10D566DBB2}"
EndProject
Project("{FAE04EC0-301F-11D3-BF4B-00C04F79EFBC}") = "Caching", "Caching\Caching.csproj", "{6E2E0260-BDFC-4A09-BD89-12D2F8AE79E7}"
EndProject
Project("{FAE04EC0-301F-11D3-BF4B-00C04F79EFBC}") = "Localization", "Localization\Localization.csproj", "{B390653C-6802-4F7D-9FEA-1322A65FA804}"
EndProject
Project("{FAE04EC0-301F-11D3-BF4B-00C04F79EFBC}") = "Routing", "Routing\Routing.csproj", "{5E899B63-7AFF-4B4A-9E7C-C7077E67E46A}"
EndProject
Global
	GlobalSection(SolutionConfigurationPlatforms) = preSolution
		Debug|Any CPU = Debug|Any CPU
		Release|Any CPU = Release|Any CPU
	EndGlobalSection
	GlobalSection(ProjectConfigurationPlatforms) = postSolution
		{0EA43F89-0536-4691-B108-7392E49D2C48}.Debug|Any CPU.ActiveCfg = Debug|Any CPU
		{0EA43F89-0536-4691-B108-7392E49D2C48}.Debug|Any CPU.Build.0 = Debug|Any CPU
		{0EA43F89-0536-4691-B108-7392E49D2C48}.Release|Any CPU.ActiveCfg = Release|Any CPU
		{0EA43F89-0536-4691-B108-7392E49D2C48}.Release|Any CPU.Build.0 = Release|Any CPU
		{41FCA5FA-2F99-4CD8-BA26-FEF73F6694A6}.Debug|Any CPU.ActiveCfg = Debug|Any CPU
		{41FCA5FA-2F99-4CD8-BA26-FEF73F6694A6}.Debug|Any CPU.Build.0 = Debug|Any CPU
		{41FCA5FA-2F99-4CD8-BA26-FEF73F6694A6}.Release|Any CPU.ActiveCfg = Release|Any CPU
		{41FCA5FA-2F99-4CD8-BA26-FEF73F6694A6}.Release|Any CPU.Build.0 = Release|Any CPU
		{C87D2BED-6DCD-4DE2-BEDA-80F747635997}.Debug|Any CPU.ActiveCfg = Debug|Any CPU
		{C87D2BED-6DCD-4DE2-BEDA-80F747635997}.Debug|Any CPU.Build.0 = Debug|Any CPU
		{C87D2BED-6DCD-4DE2-BEDA-80F747635997}.Release|Any CPU.ActiveCfg = Release|Any CPU
		{C87D2BED-6DCD-4DE2-BEDA-80F747635997}.Release|Any CPU.Build.0 = Release|Any CPU
		{D2BA6D95-45F9-495E-944B-E8F02B938D6F}.Debug|Any CPU.ActiveCfg = Debug|Any CPU
		{D2BA6D95-45F9-495E-944B-E8F02B938D6F}.Debug|Any CPU.Build.0 = Debug|Any CPU
		{D2BA6D95-45F9-495E-944B-E8F02B938D6F}.Release|Any CPU.ActiveCfg = Release|Any CPU
		{D2BA6D95-45F9-495E-944B-E8F02B938D6F}.Release|Any CPU.Build.0 = Release|Any CPU
		{9FA7F9E7-8C3D-40F3-BCD2-7A10D566DBB2}.Debug|Any CPU.ActiveCfg = Debug|Any CPU
		{9FA7F9E7-8C3D-40F3-BCD2-7A10D566DBB2}.Debug|Any CPU.Build.0 = Debug|Any CPU
		{9FA7F9E7-8C3D-40F3-BCD2-7A10D566DBB2}.Release|Any CPU.ActiveCfg = Release|Any CPU
		{9FA7F9E7-8C3D-40F3-BCD2-7A10D566DBB2}.Release|Any CPU.Build.0 = Release|Any CPU
		{6E2E0260-BDFC-4A09-BD89-12D2F8AE79E7}.Debug|Any CPU.ActiveCfg = Debug|Any CPU
		{6E2E0260-BDFC-4A09-BD89-12D2F8AE79E7}.Debug|Any CPU.Build.0 = Debug|Any CPU
		{6E2E0260-BDFC-4A09-BD89-12D2F8AE79E7}.Release|Any CPU.ActiveCfg = Release|Any CPU
		{6E2E0260-BDFC-4A09-BD89-12D2F8AE79E7}.Release|Any CPU.Build.0 = Release|Any CPU
		{B390653C-6802-4F7D-9FEA-1322A65FA804}.Debug|Any CPU.ActiveCfg = Debug|Any CPU
		{B390653C-6802-4F7D-9FEA-1322A65FA804}.Debug|Any CPU.Build.0 = Debug|Any CPU
		{B390653C-6802-4F7D-9FEA-1322A65FA804}.Release|Any CPU.ActiveCfg = Release|Any CPU
		{B390653C-6802-4F7D-9FEA-1322A65FA804}.Release|Any CPU.Build.0 = Release|Any CPU
		{5E899B63-7AFF-4B4A-9E7C-C7077E67E46A}.Debug|Any CPU.ActiveCfg = Debug|Any CPU
		{5E899B63-7AFF-4B4A-9E7C-C7077E67E46A}.Debug|Any CPU.Build.0 = Debug|Any CPU
		{5E899B63-7AFF-4B4A-9E7C-C7077E67E46A}.Release|Any CPU.ActiveCfg = Release|Any CPU
		{5E899B63-7AFF-4B4A-9E7C-C7077E67E46A}.Release|Any CPU.Build.0 = Release|Any CPU
	EndGlobalSection
	GlobalSection(SolutionProperties) = preSolution
		HideSolutionNode = FALSE
	EndGlobalSection
	GlobalSection(NestedProjects) = preSolution
		{C3447280-1A35-4BD4-9DD4-D94DD43EF069} = {B5001C06-A604-4F1B-B9A2-5FAF7F10D0B6}
		{BD851633-150D-41C3-A7D5-9EBC39A8A03D} = {B5001C06-A604-4F1B-B9A2-5FAF7F10D0B6}
		{0EA43F89-0536-4691-B108-7392E49D2C48} = {C3447280-1A35-4BD4-9DD4-D94DD43EF069}
		{41FCA5FA-2F99-4CD8-BA26-FEF73F6694A6} = {C3447280-1A35-4BD4-9DD4-D94DD43EF069}
		{C87D2BED-6DCD-4DE2-BEDA-80F747635997} = {C3447280-1A35-4BD4-9DD4-D94DD43EF069}
		{D2BA6D95-45F9-495E-944B-E8F02B938D6F} = {9A3CDB86-2244-4F4E-979B-45ECDE7B7063}
		{EE4F8FD3-58C6-4459-ADCD-F9ECA8CAFB2D} = {B5001C06-A604-4F1B-B9A2-5FAF7F10D0B6}
		{7E6A9C5A-71B8-4517-929E-994053952B5B} = {B5001C06-A604-4F1B-B9A2-5FAF7F10D0B6}
		{F312C9A2-857B-4597-9AB0-71943E06EA9C} = {B5001C06-A604-4F1B-B9A2-5FAF7F10D0B6}
		{FFFDE6DA-05C8-40A4-BF43-C5EA57E3CFDF} = {B5001C06-A604-4F1B-B9A2-5FAF7F10D0B6}
		{7DE99E34-2EE7-452C-9869-2A1134DCE501} = {B5001C06-A604-4F1B-B9A2-5FAF7F10D0B6}
		{23BED289-E6D7-4B70-A1A3-A4F940BD9EE6} = {B5001C06-A604-4F1B-B9A2-5FAF7F10D0B6}
		{A9172862-27C3-409A-9BC9-800F4D04C40A} = {B5001C06-A604-4F1B-B9A2-5FAF7F10D0B6}
		{9FA7F9E7-8C3D-40F3-BCD2-7A10D566DBB2} = {A9172862-27C3-409A-9BC9-800F4D04C40A}
		{6E2E0260-BDFC-4A09-BD89-12D2F8AE79E7} = {23BED289-E6D7-4B70-A1A3-A4F940BD9EE6}
		{B390653C-6802-4F7D-9FEA-1322A65FA804} = {7E6A9C5A-71B8-4517-929E-994053952B5B}
		{5E899B63-7AFF-4B4A-9E7C-C7077E67E46A} = {9550E49B-F04F-4577-859F-F19A612D8F25}
	EndGlobalSection
EndGlobal
